
Microsoft Visual Studio Solution File, Format Version 12.00
# Visual Studio Version 16
VisualStudioVersion = 16.0.29609.76
MinimumVisualStudioVersion = 10.0.40219.1
Project("{FAE04EC0-301F-11D3-BF4B-00C04F79EFBC}") = "SportsCommunity", "SportsCommunity.csproj", "{1BFF8951-CC56-476B-8E1E-F8DB8F1E997F}"
EndProject
Global
	GlobalSection(SolutionConfigurationPlatforms) = preSolution
		Debug|Any CPU = Debug|Any CPU
		Release|Any CPU = Release|Any CPU
	EndGlobalSection
	GlobalSection(ProjectConfigurationPlatforms) = postSolution
		{1BFF8951-CC56-476B-8E1E-F8DB8F1E997F}.Debug|Any CPU.ActiveCfg = Debug|Any CPU
		{1BFF8951-CC56-476B-8E1E-F8DB8F1E997F}.Debug|Any CPU.Build.0 = Debug|Any CPU
		{1BFF8951-CC56-476B-8E1E-F8DB8F1E997F}.Release|Any CPU.ActiveCfg = Release|Any CPU
		{1BFF8951-CC56-476B-8E1E-F8DB8F1E997F}.Release|Any CPU.Build.0 = Release|Any CPU
	EndGlobalSection
	GlobalSection(SolutionProperties) = preSolution
		HideSolutionNode = FALSE
	EndGlobalSection
	GlobalSection(ExtensibilityGlobals) = postSolution
		SolutionGuid = {213E8EC6-0908-466E-AEB6-2217D826E698}
	EndGlobalSection
EndGlobal
